
Microsoft Visual Studio Solution File, Format Version 12.00
# Visual Studio Version 17
VisualStudioVersion = 17.3.32819.101
MinimumVisualStudioVersion = 10.0.40219.1
Project("{FAE04EC0-301F-11D3-BF4B-00C04F79EFBC}") = "ContactPro", "ContactPro\ContactPro.csproj", "{D16D7085-8F56-460C-88BD-C665BFFBE039}"
EndProject
Global
	GlobalSection(SolutionConfigurationPlatforms) = preSolution
		Debug|Any CPU = Debug|Any CPU
		Release|Any CPU = Release|Any CPU
	EndGlobalSection
	GlobalSection(ProjectConfigurationPlatforms) = postSolution
		{D16D7085-8F56-460C-88BD-C665BFFBE039}.Debug|Any CPU.ActiveCfg = Debug|Any CPU
		{D16D7085-8F56-460C-88BD-C665BFFBE039}.Debug|Any CPU.Build.0 = Debug|Any CPU
		{D16D7085-8F56-460C-88BD-C665BFFBE039}.Release|Any CPU.ActiveCfg = Release|Any CPU
		{D16D7085-8F56-460C-88BD-C665BFFBE039}.Release|Any CPU.Build.0 = Release|Any CPU
	EndGlobalSection
	GlobalSection(SolutionProperties) = preSolution
		HideSolutionNode = FALSE
	EndGlobalSection
	GlobalSection(ExtensibilityGlobals) = postSolution
		SolutionGuid = {6E82F43F-7D0C-4E8D-B9D1-CFB884D83F45}
	EndGlobalSection
EndGlobal
